// !$*UTF8*$!
{
	archiveVersion = 1;
	classes = {
	};
	objectVersion = 46;
	objects = {

/* Begin PBXBuildFile section */
		7F0689AC1BA8073800E605BF /* Screen Shot 2015-09-14 at 5.23.10 PM.png in Resources */ = {isa = PBXBuildFile; fileRef = 7F0689AA1BA8073800E605BF /* Screen Shot 2015-09-14 at 5.23.10 PM.png */; };
		7F0689AD1BA8073800E605BF /* Screen Shot 2015-09-15 at 12.22.18 AM.png in Resources */ = {isa = PBXBuildFile; fileRef = 7F0689AB1BA8073800E605BF /* Screen Shot 2015-09-15 at 12.22.18 AM.png */; };
		7F1EEBED1B9EBC5100EC861D /* libfft.c in Sources */ = {isa = PBXBuildFile; fileRef = 7F1EEBEB1B9EBC5100EC861D /* libfft.c */; };
		7F1EEBEF1B9EBD4900EC861D /* libportaudio.dylib in Frameworks */ = {isa = PBXBuildFile; fileRef = 7F1EEBEE1B9EBD4900EC861D /* libportaudio.dylib */; };
		7F1EEC631BA2279B00EC861D /* ListenScore.m in Sources */ = {isa = PBXBuildFile; fileRef = 7F1EEC621BA2279B00EC861D /* ListenScore.m */; };
		7F1EEC661BA227A900EC861D /* Listener.m in Sources */ = {isa = PBXBuildFile; fileRef = 7F1EEC651BA227A900EC861D /* Listener.m */; };
		7FB14CE51B9E9CE900F07851 /* pitch bg.png in Resources */ = {isa = PBXBuildFile; fileRef = 7FB14CE41B9E9CE900F07851 /* pitch bg.png */; };
		7FE4C8801B9E8AAD0087E0C2 /* AppDelegate.m in Sources */ = {isa = PBXBuildFile; fileRef = 7FE4C87F1B9E8AAD0087E0C2 /* AppDelegate.m */; };
		7FE4C8821B9E8AAD0087E0C2 /* main.m in Sources */ = {isa = PBXBuildFile; fileRef = 7FE4C8811B9E8AAD0087E0C2 /* main.m */; };
		7FE4C8851B9E8AAD0087E0C2 /* ViewController.m in Sources */ = {isa = PBXBuildFile; fileRef = 7FE4C8841B9E8AAD0087E0C2 /* ViewController.m */; };
		7FE4C8871B9E8AAD0087E0C2 /* Images.xcassets in Resources */ = {isa = PBXBuildFile; fileRef = 7FE4C8861B9E8AAD0087E0C2 /* Images.xcassets */; };
		7FE4C88A1B9E8AAD0087E0C2 /* Main.storyboard in Resources */ = {isa = PBXBuildFile; fileRef = 7FE4C8881B9E8AAD0087E0C2 /* Main.storyboard */; };
		7FE4C8961B9E8AAD0087E0C2 /* DinoTests.m in Sources */ = {isa = PBXBuildFile; fileRef = 7FE4C8951B9E8AAD0087E0C2 /* DinoTests.m */; };
/* End PBXBuildFile section */

/* Begin PBXContainerItemProxy section */
		7FE4C8901B9E8AAD0087E0C2 /* PBXContainerItemProxy */ = {
			isa = PBXContainerItemProxy;
			containerPortal = 7FE4C8711B9E8AAD0087E0C2 /* Project object */;
			proxyType = 1;
			remoteGlobalIDString = 7FE4C8781B9E8AAD0087E0C2;
			remoteInfo = Dino;
		};
/* End PBXContainerItemProxy section */

/* Begin PBXFileReference section */
		7F0689AA1BA8073800E605BF /* Screen Shot 2015-09-14 at 5.23.10 PM.png */ = {isa = PBXFileReference; lastKnownFileType = image.png; name = "Screen Shot 2015-09-14 at 5.23.10 PM.png"; path = "../Screen Shot 2015-09-14 at 5.23.10 PM.png"; sourceTree = "<group>"; };
		7F0689AB1BA8073800E605BF /* Screen Shot 2015-09-15 at 12.22.18 AM.png */ = {isa = PBXFileReference; lastKnownFileType = image.png; name = "Screen Shot 2015-09-15 at 12.22.18 AM.png"; path = "../Screen Shot 2015-09-15 at 12.22.18 AM.png"; sourceTree = "<group>"; };
		7F1EEBEB1B9EBC5100EC861D /* libfft.c */ = {isa = PBXFileReference; fileEncoding = 4; lastKnownFileType = sourcecode.c.c; path = libfft.c; sourceTree = "<group>"; };
		7F1EEBEC1B9EBC5100EC861D /* libfft.h */ = {isa = PBXFileReference; fileEncoding = 4; lastKnownFileType = sourcecode.c.h; path = libfft.h; sourceTree = "<group>"; };
		7F1EEBEE1B9EBD4900EC861D /* libportaudio.dylib */ = {isa = PBXFileReference; lastKnownFileType = "compiled.mach-o.dylib"; name = libportaudio.dylib; path = ../../../../usr/local/Cellar/portaudio/19.20140130/lib/libportaudio.dylib; sourceTree = "<group>"; };
		7F1EEC611BA2279B00EC861D /* ListenScore.h */ = {isa = PBXFileReference; fileEncoding = 4; lastKnownFileType = sourcecode.c.h; path = ListenScore.h; sourceTree = "<group>"; };
		7F1EEC621BA2279B00EC861D /* ListenScore.m */ = {isa = PBXFileReference; fileEncoding = 4; lastKnownFileType = sourcecode.c.objc; path = ListenScore.m; sourceTree = "<group>"; };
		7F1EEC641BA227A900EC861D /* Listener.h */ = {isa = PBXFileReference; fileEncoding = 4; lastKnownFileType = sourcecode.c.h; path = Listener.h; sourceTree = "<group>"; };
		7F1EEC651BA227A900EC861D /* Listener.m */ = {isa = PBXFileReference; fileEncoding = 4; lastKnownFileType = sourcecode.c.objc; path = Listener.m; sourceTree = "<group>"; };
		7FB14CE41B9E9CE900F07851 /* pitch bg.png */ = {isa = PBXFileReference; lastKnownFileType = image.png; name = "pitch bg.png"; path = "../../Pictures/pitch bg.png"; sourceTree = "<group>"; };
		7FE4C8791B9E8AAD0087E0C2 /* Dino.app */ = {isa = PBXFileReference; explicitFileType = wrapper.application; includeInIndex = 0; path = Dino.app; sourceTree = BUILT_PRODUCTS_DIR; };
		7FE4C87D1B9E8AAD0087E0C2 /* Info.plist */ = {isa = PBXFileReference; lastKnownFileType = text.plist.xml; path = Info.plist; sourceTree = "<group>"; };
		7FE4C87E1B9E8AAD0087E0C2 /* AppDelegate.h */ = {isa = PBXFileReference; lastKnownFileType = sourcecode.c.h; path = AppDelegate.h; sourceTree = "<group>"; };
		7FE4C87F1B9E8AAD0087E0C2 /* AppDelegate.m */ = {isa = PBXFileReference; lastKnownFileType = sourcecode.c.objc; path = AppDelegate.m; sourceTree = "<group>"; };
		7FE4C8811B9E8AAD0087E0C2 /* main.m */ = {isa = PBXFileReference; lastKnownFileType = sourcecode.c.objc; path = main.m; sourceTree = "<group>"; };
		7FE4C8831B9E8AAD0087E0C2 /* ViewController.h */ = {isa = PBXFileReference; lastKnownFileType = sourcecode.c.h; path = ViewController.h; sourceTree = "<group>"; };
		7FE4C8841B9E8AAD0087E0C2 /* ViewController.m */ = {isa = PBXFileReference; lastKnownFileType = sourcecode.c.objc; path = ViewController.m; sourceTree = "<group>"; };
		7FE4C8861B9E8AAD0087E0C2 /* Images.xcassets */ = {isa = PBXFileReference; lastKnownFileType = folder.assetcatalog; path = Images.xcassets; sourceTree = "<group>"; };
		7FE4C8891B9E8AAD0087E0C2 /* Base */ = {isa = PBXFileReference; lastKnownFileType = file.storyboard; name = Base; path = Base.lproj/Main.storyboard; sourceTree = "<group>"; };
		7FE4C88F1B9E8AAD0087E0C2 /* DinoTests.xctest */ = {isa = PBXFileReference; explicitFileType = wrapper.cfbundle; includeInIndex = 0; path = DinoTests.xctest; sourceTree = BUILT_PRODUCTS_DIR; };
		7FE4C8941B9E8AAD0087E0C2 /* Info.plist */ = {isa = PBXFileReference; lastKnownFileType = text.plist.xml; path = Info.plist; sourceTree = "<group>"; };
		7FE4C8951B9E8AAD0087E0C2 /* DinoTests.m */ = {isa = PBXFileReference; lastKnownFileType = sourcecode.c.objc; path = DinoTests.m; sourceTree = "<group>"; };
/* End PBXFileReference section */

/* Begin PBXFrameworksBuildPhase section */
		7FE4C8761B9E8AAD0087E0C2 /* Frameworks */ = {
			isa = PBXFrameworksBuildPhase;
			buildActionMask = 2147483647;
			files = (
				7F1EEBEF1B9EBD4900EC861D /* libportaudio.dylib in Frameworks */,
			);
			runOnlyForDeploymentPostprocessing = 0;
		};
		7FE4C88C1B9E8AAD0087E0C2 /* Frameworks */ = {
			isa = PBXFrameworksBuildPhase;
			buildActionMask = 2147483647;
			files = (
			);
			runOnlyForDeploymentPostprocessing = 0;
		};
/* End PBXFrameworksBuildPhase section */

/* Begin PBXGroup section */
		7FE4C8701B9E8AAD0087E0C2 = {
			isa = PBXGroup;
			children = (
				7F0689AA1BA8073800E605BF /* Screen Shot 2015-09-14 at 5.23.10 PM.png */,
				7F0689AB1BA8073800E605BF /* Screen Shot 2015-09-15 at 12.22.18 AM.png */,
				7F1EEBEE1B9EBD4900EC861D /* libportaudio.dylib */,
				7FB14CE41B9E9CE900F07851 /* pitch bg.png */,
				7FE4C87B1B9E8AAD0087E0C2 /* Dino */,
				7FE4C8921B9E8AAD0087E0C2 /* DinoTests */,
				7FE4C87A1B9E8AAD0087E0C2 /* Products */,
			);
			sourceTree = "<group>";
		};
		7FE4C87A1B9E8AAD0087E0C2 /* Products */ = {
			isa = PBXGroup;
			children = (
				7FE4C8791B9E8AAD0087E0C2 /* Dino.app */,
				7FE4C88F1B9E8AAD0087E0C2 /* DinoTests.xctest */,
			);
			name = Products;
			sourceTree = "<group>";
		};
		7FE4C87B1B9E8AAD0087E0C2 /* Dino */ = {
			isa = PBXGroup;
			children = (
				7FE4C87E1B9E8AAD0087E0C2 /* AppDelegate.h */,
				7FE4C87F1B9E8AAD0087E0C2 /* AppDelegate.m */,
				7FE4C8831B9E8AAD0087E0C2 /* ViewController.h */,
				7FE4C8841B9E8AAD0087E0C2 /* ViewController.m */,
				7FE4C8861B9E8AAD0087E0C2 /* Images.xcassets */,
				7FE4C8881B9E8AAD0087E0C2 /* Main.storyboard */,
				7FE4C87C1B9E8AAD0087E0C2 /* Supporting Files */,
				7F1EEC611BA2279B00EC861D /* ListenScore.h */,
				7F1EEC621BA2279B00EC861D /* ListenScore.m */,
				7F1EEC641BA227A900EC861D /* Listener.h */,
				7F1EEC651BA227A900EC861D /* Listener.m */,
			);
			path = Dino;
			sourceTree = "<group>";
		};
		7FE4C87C1B9E8AAD0087E0C2 /* Supporting Files */ = {
			isa = PBXGroup;
			children = (
				7FE4C87D1B9E8AAD0087E0C2 /* Info.plist */,
				7FE4C8811B9E8AAD0087E0C2 /* main.m */,
				7F1EEBEB1B9EBC5100EC861D /* libfft.c */,
				7F1EEBEC1B9EBC5100EC861D /* libfft.h */,
			);
			name = "Supporting Files";
			sourceTree = "<group>";
		};
		7FE4C8921B9E8AAD0087E0C2 /* DinoTests */ = {
			isa = PBXGroup;
			children = (
				7FE4C8951B9E8AAD0087E0C2 /* DinoTests.m */,
				7FE4C8931B9E8AAD0087E0C2 /* Supporting Files */,
			);
			path = DinoTests;
			sourceTree = "<group>";
		};
		7FE4C8931B9E8AAD0087E0C2 /* Supporting Files */ = {
			isa = PBXGroup;
			children = (
				7FE4C8941B9E8AAD0087E0C2 /* Info.plist */,
			);
			name = "Supporting Files";
			sourceTree = "<group>";
		};
/* End PBXGroup section */

/* Begin PBXNativeTarget section */
		7FE4C8781B9E8AAD0087E0C2 /* Dino */ = {
			isa = PBXNativeTarget;
			buildConfigurationList = 7FE4C8991B9E8AAD0087E0C2 /* Build configuration list for PBXNativeTarget "Dino" */;
			buildPhases = (
				7FE4C8751B9E8AAD0087E0C2 /* Sources */,
				7FE4C8761B9E8AAD0087E0C2 /* Frameworks */,
				7FE4C8771B9E8AAD0087E0C2 /* Resources */,
			);
			buildRules = (
			);
			dependencies = (
			);
			name = Dino;
			productName = Dino;
			productReference = 7FE4C8791B9E8AAD0087E0C2 /* Dino.app */;
			productType = "com.apple.product-type.application";
		};
		7FE4C88E1B9E8AAD0087E0C2 /* DinoTests */ = {
			isa = PBXNativeTarget;
			buildConfigurationList = 7FE4C89C1B9E8AAD0087E0C2 /* Build configuration list for PBXNativeTarget "DinoTests" */;
			buildPhases = (
				7FE4C88B1B9E8AAD0087E0C2 /* Sources */,
				7FE4C88C1B9E8AAD0087E0C2 /* Frameworks */,
				7FE4C88D1B9E8AAD0087E0C2 /* Resources */,
			);
			buildRules = (
			);
			dependencies = (
				7FE4C8911B9E8AAD0087E0C2 /* PBXTargetDependency */,
			);
			name = DinoTests;
			productName = DinoTests;
			productReference = 7FE4C88F1B9E8AAD0087E0C2 /* DinoTests.xctest */;
			productType = "com.apple.product-type.bundle.unit-test";
		};
/* End PBXNativeTarget section */

/* Begin PBXProject section */
		7FE4C8711B9E8AAD0087E0C2 /* Project object */ = {
			isa = PBXProject;
			attributes = {
				LastUpgradeCheck = 0610;
				ORGANIZATIONNAME = Lucy;
				TargetAttributes = {
					7FE4C8781B9E8AAD0087E0C2 = {
						CreatedOnToolsVersion = 6.1.1;
					};
					7FE4C88E1B9E8AAD0087E0C2 = {
						CreatedOnToolsVersion = 6.1.1;
						TestTargetID = 7FE4C8781B9E8AAD0087E0C2;
					};
				};
			};
			buildConfigurationList = 7FE4C8741B9E8AAD0087E0C2 /* Build configuration list for PBXProject "Dino" */;
			compatibilityVersion = "Xcode 3.2";
			developmentRegion = English;
			hasScannedForEncodings = 0;
			knownRegions = (
				en,
				Base,
			);
			mainGroup = 7FE4C8701B9E8AAD0087E0C2;
			productRefGroup = 7FE4C87A1B9E8AAD0087E0C2 /* Products */;
			projectDirPath = "";
			projectRoot = "";
			targets = (
				7FE4C8781B9E8AAD0087E0C2 /* Dino */,
				7FE4C88E1B9E8AAD0087E0C2 /* DinoTests */,
			);
		};
/* End PBXProject section */

/* Begin PBXResourcesBuildPhase section */
		7FE4C8771B9E8AAD0087E0C2 /* Resources */ = {
			isa = PBXResourcesBuildPhase;
			buildActionMask = 2147483647;
			files = (
				7FE4C8871B9E8AAD0087E0C2 /* Images.xcassets in Resources */,
				7FB14CE51B9E9CE900F07851 /* pitch bg.png in Resources */,
				7F0689AC1BA8073800E605BF /* Screen Shot 2015-09-14 at 5.23.10 PM.png in Resources */,
				7F0689AD1BA8073800E605BF /* Screen Shot 2015-09-15 at 12.22.18 AM.png in Resources */,
				7FE4C88A1B9E8AAD0087E0C2 /* Main.storyboard in Resources */,
			);
			runOnlyForDeploymentPostprocessing = 0;
		};
		7FE4C88D1B9E8AAD0087E0C2 /* Resources */ = {
			isa = PBXResourcesBuildPhase;
			buildActionMask = 2147483647;
			files = (
			);
			runOnlyForDeploymentPostprocessing = 0;
		};
/* End PBXResourcesBuildPhase section */

/* Begin PBXSourcesBuildPhase section */
		7FE4C8751B9E8AAD0087E0C2 /* Sources */ = {
			isa = PBXSourcesBuildPhase;
			buildActionMask = 2147483647;
			files = (
				7F1EEBED1B9EBC5100EC861D /* libfft.c in Sources */,
				7F1EEC661BA227A900EC861D /* Listener.m in Sources */,
				7FE4C8851B9E8AAD0087E0C2 /* ViewController.m in Sources */,
				7FE4C8821B9E8AAD0087E0C2 /* main.m in Sources */,
				7F1EEC631BA2279B00EC861D /* ListenScore.m in Sources */,
				7FE4C8801B9E8AAD0087E0C2 /* AppDelegate.m in Sources */,
			);
			runOnlyForDeploymentPostprocessing = 0;
		};
		7FE4C88B1B9E8AAD0087E0C2 /* Sources */ = {
			isa = PBXSourcesBuildPhase;
			buildActionMask = 2147483647;
			files = (
				7FE4C8961B9E8AAD0087E0C2 /* DinoTests.m in Sources */,
			);
			runOnlyForDeploymentPostprocessing = 0;
		};
/* End PBXSourcesBuildPhase section */

/* Begin PBXTargetDependency section */
		7FE4C8911B9E8AAD0087E0C2 /* PBXTargetDependency */ = {
			isa = PBXTargetDependency;
			target = 7FE4C8781B9E8AAD0087E0C2 /* Dino */;
			targetProxy = 7FE4C8901B9E8AAD0087E0C2 /* PBXContainerItemProxy */;
		};
/* End PBXTargetDependency section */

/* Begin PBXVariantGroup section */
		7FE4C8881B9E8AAD0087E0C2 /* Main.storyboard */ = {
			isa = PBXVariantGroup;
			children = (
				7FE4C8891B9E8AAD0087E0C2 /* Base */,
			);
			name = Main.storyboard;
			sourceTree = "<group>";
		};
/* End PBXVariantGroup section */

/* Begin XCBuildConfiguration section */
		7FE4C8971B9E8AAD0087E0C2 /* Debug */ = {
			isa = XCBuildConfiguration;
			buildSettings = {
				ALWAYS_SEARCH_USER_PATHS = YES;
				CLANG_CXX_LANGUAGE_STANDARD = "gnu++0x";
				CLANG_CXX_LIBRARY = "libc++";
				CLANG_ENABLE_MODULES = YES;
				CLANG_ENABLE_OBJC_ARC = YES;
				CLANG_WARN_BOOL_CONVERSION = YES;
				CLANG_WARN_CONSTANT_CONVERSION = YES;
				CLANG_WARN_DIRECT_OBJC_ISA_USAGE = YES_ERROR;
				CLANG_WARN_EMPTY_BODY = YES;
				CLANG_WARN_ENUM_CONVERSION = YES;
				CLANG_WARN_INT_CONVERSION = YES;
				CLANG_WARN_OBJC_ROOT_CLASS = YES_ERROR;
				CLANG_WARN_UNREACHABLE_CODE = YES;
				CLANG_WARN__DUPLICATE_METHOD_MATCH = YES;
				CODE_SIGN_IDENTITY = "-";
				COPY_PHASE_STRIP = NO;
				ENABLE_STRICT_OBJC_MSGSEND = YES;
				GCC_C_LANGUAGE_STANDARD = gnu99;
				GCC_DYNAMIC_NO_PIC = NO;
				GCC_OPTIMIZATION_LEVEL = 0;
				GCC_PREPROCESSOR_DEFINITIONS = (
					"DEBUG=1",
					"$(inherited)",
				);
				GCC_SYMBOLS_PRIVATE_EXTERN = NO;
				GCC_WARN_64_TO_32_BIT_CONVERSION = YES;
				GCC_WARN_ABOUT_RETURN_TYPE = YES_ERROR;
				GCC_WARN_UNDECLARED_SELECTOR = YES;
				GCC_WARN_UNINITIALIZED_AUTOS = YES_AGGRESSIVE;
				GCC_WARN_UNUSED_FUNCTION = YES;
				GCC_WARN_UNUSED_VARIABLE = YES;
				LIBRARY_SEARCH_PATHS = "";
				MACOSX_DEPLOYMENT_TARGET = 10.10;
				MTL_ENABLE_DEBUG_INFO = YES;
				ONLY_ACTIVE_ARCH = YES;
				SDKROOT = macosx;
			};
			name = Debug;
		};
		7FE4C8981B9E8AAD0087E0C2 /* Release */ = {
			isa = XCBuildConfiguration;
			buildSettings = {
				ALWAYS_SEARCH_USER_PATHS = YES;
				CLANG_CXX_LANGUAGE_STANDARD = "gnu++0x";
				CLANG_CXX_LIBRARY = "libc++";
				CLANG_ENABLE_MODULES = YES;
				CLANG_ENABLE_OBJC_ARC = YES;
				CLANG_WARN_BOOL_CONVERSION = YES;
				CLANG_WARN_CONSTANT_CONVERSION = YES;
				CLANG_WARN_DIRECT_OBJC_ISA_USAGE = YES_ERROR;
				CLANG_WARN_EMPTY_BODY = YES;
				CLANG_WARN_ENUM_CONVERSION = YES;
				CLANG_WARN_INT_CONVERSION = YES;
				CLANG_WARN_OBJC_ROOT_CLASS = YES_ERROR;
				CLANG_WARN_UNREACHABLE_CODE = YES;
				CLANG_WARN__DUPLICATE_METHOD_MATCH = YES;
				CODE_SIGN_IDENTITY = "-";
				COPY_PHASE_STRIP = YES;
				DEBUG_INFORMATION_FORMAT = "dwarf-with-dsym";
				ENABLE_NS_ASSERTIONS = NO;
				ENABLE_STRICT_OBJC_MSGSEND = YES;
				GCC_C_LANGUAGE_STANDARD = gnu99;
				GCC_WARN_64_TO_32_BIT_CONVERSION = YES;
				GCC_WARN_ABOUT_RETURN_TYPE = YES_ERROR;
				GCC_WARN_UNDECLARED_SELECTOR = YES;
				GCC_WARN_UNINITIALIZED_AUTOS = YES_AGGRESSIVE;
				GCC_WARN_UNUSED_FUNCTION = YES;
				GCC_WARN_UNUSED_VARIABLE = YES;
				LIBRARY_SEARCH_PATHS = "";
				MACOSX_DEPLOYMENT_TARGET = 10.10;
				MTL_ENABLE_DEBUG_INFO = NO;
				SDKROOT = macosx;
			};
			name = Release;
		};
		7FE4C89A1B9E8AAD0087E0C2 /* Debug */ = {
			isa = XCBuildConfiguration;
			buildSettings = {
				ASSETCATALOG_COMPILER_APPICON_NAME = AppIcon;
				COMBINE_HIDPI_IMAGES = YES;
				HEADER_SEARCH_PATHS = (
					"$(inherited)",
					/Applications/Xcode.app/Contents/Developer/Toolchains/XcodeDefault.xctoolchain/usr/include,
					/usr/local/Cellar/portaudio/19.20140130/include,
				);
				INFOPLIST_FILE = Dino/Info.plist;
				LD_RUNPATH_SEARCH_PATHS = "$(inherited) @executable_path/../Frameworks";
				LIBRARY_SEARCH_PATHS = "/usr/local/Cellar/portaudio/19.20140130/lib/**";
				PRODUCT_NAME = "$(TARGET_NAME)";
			};
			name = Debug;
		};
		7FE4C89B1B9E8AAD0087E0C2 /* Release */ = {
			isa = XCBuildConfiguration;
			buildSettings = {
				ASSETCATALOG_COMPILER_APPICON_NAME = AppIcon;
				COMBINE_HIDPI_IMAGES = YES;
				HEADER_SEARCH_PATHS = (
					"$(inherited)",
					/Applications/Xcode.app/Contents/Developer/Toolchains/XcodeDefault.xctoolchain/usr/include,
					/usr/local/Cellar/portaudio/19.20140130/include,
				);
				INFOPLIST_FILE = Dino/Info.plist;
				LD_RUNPATH_SEARCH_PATHS = "$(inherited) @executable_path/../Frameworks";
				LIBRARY_SEARCH_PATHS = "/usr/local/Cellar/portaudio/19.20140130/lib/**";
				PRODUCT_NAME = "$(TARGET_NAME)";
			};
			name = Release;
		};
		7FE4C89D1B9E8AAD0087E0C2 /* Debug */ = {
			isa = XCBuildConfiguration;
			buildSettings = {
				BUNDLE_LOADER = "$(TEST_HOST)";
				COMBINE_HIDPI_IMAGES = YES;
				FRAMEWORK_SEARCH_PATHS = (
					"$(DEVELOPER_FRAMEWORKS_DIR)",
					"$(inherited)",
				);
				GCC_PREPROCESSOR_DEFINITIONS = (
					"DEBUG=1",
					"$(inherited)",
				);
				INFOPLIST_FILE = DinoTests/Info.plist;
				LD_RUNPATH_SEARCH_PATHS = "$(inherited) @executable_path/../Frameworks @loader_path/../Frameworks";
				PRODUCT_NAME = "$(TARGET_NAME)";
				TEST_HOST = "$(BUILT_PRODUCTS_DIR)/Dino.app/Contents/MacOS/Dino";
			};
			name = Debug;
		};
		7FE4C89E1B9E8AAD0087E0C2 /* Release */ = {
			isa = XCBuildConfiguration;
			buildSettings = {
				BUNDLE_LOADER = "$(TEST_HOST)";
				COMBINE_HIDPI_IMAGES = YES;
				FRAMEWORK_SEARCH_PATHS = (
					"$(DEVELOPER_FRAMEWORKS_DIR)",
					"$(inherited)",
				);
				INFOPLIST_FILE = DinoTests/Info.plist;
				LD_RUNPATH_SEARCH_PATHS = "$(inherited) @executable_path/../Frameworks @loader_path/../Frameworks";
				PRODUCT_NAME = "$(TARGET_NAME)";
				TEST_HOST = "$(BUILT_PRODUCTS_DIR)/Dino.app/Contents/MacOS/Dino";
			};
			name = Release;
		};
/* End XCBuildConfiguration section */

/* Begin XCConfigurationList section */
		7FE4C8741B9E8AAD0087E0C2 /* Build configuration list for PBXProject "Dino" */ = {
			isa = XCConfigurationList;
			buildConfigurations = (
				7FE4C8971B9E8AAD0087E0C2 /* Debug */,
				7FE4C8981B9E8AAD0087E0C2 /* Release */,
			);
			defaultConfigurationIsVisible = 0;
			defaultConfigurationName = Release;
		};
		7FE4C8991B9E8AAD0087E0C2 /* Build configuration list for PBXNativeTarget "Dino" */ = {
			isa = XCConfigurationList;
			buildConfigurations = (
				7FE4C89A1B9E8AAD0087E0C2 /* Debug */,
				7FE4C89B1B9E8AAD0087E0C2 /* Release */,
			);
			defaultConfigurationIsVisible = 0;
			defaultConfigurationName = Release;
		};
		7FE4C89C1B9E8AAD0087E0C2 /* Build configuration list for PBXNativeTarget "DinoTests" */ = {
			isa = XCConfigurationList;
			buildConfigurations = (
				7FE4C89D1B9E8AAD0087E0C2 /* Debug */,
				7FE4C89E1B9E8AAD0087E0C2 /* Release */,
			);
			defaultConfigurationIsVisible = 0;
			defaultConfigurationName = Release;
		};
/* End XCConfigurationList section */
	};
	rootObject = 7FE4C8711B9E8AAD0087E0C2 /* Project object */;
}
